// !$*UTF8*$!
{
	archiveVersion = 1;
	classes = {
	};
	objectVersion = 51;
	objects = {

/* Begin PBXBuildFile section */
		18644284228322E200E8F4C6 /* PacketTunnelProvider.swift in Sources */ = {isa = PBXBuildFile; fileRef = 18644283228322E200E8F4C6 /* PacketTunnelProvider.swift */; };
		18644289228322E200E8F4C6 /* PacketTunnel.appex in Embed App Extensions */ = {isa = PBXBuildFile; fileRef = 18644281228322E100E8F4C6 /* PacketTunnel.appex */; settings = {ATTRIBUTES = (RemoveHeadersOnCopy, ); }; };
		186442902283257700E8F4C6 /* NetworkExtension.framework in Frameworks */ = {isa = PBXBuildFile; fileRef = 1864428F2283257700E8F4C6 /* NetworkExtension.framework */; };
		186442912283258400E8F4C6 /* NetworkExtension.framework in Frameworks */ = {isa = PBXBuildFile; fileRef = 1864428F2283257700E8F4C6 /* NetworkExtension.framework */; };
		1864429C228325D000E8F4C6 /* tun2socks.framework in Frameworks */ = {isa = PBXBuildFile; fileRef = 18644292228325CF00E8F4C6 /* tun2socks.framework */; };
		1864429D228325D000E8F4C6 /* Yaml.framework in Frameworks */ = {isa = PBXBuildFile; fileRef = 18644293228325CF00E8F4C6 /* Yaml.framework */; };
		1864429E228325D000E8F4C6 /* CocoaLumberjackSwift.framework in Frameworks */ = {isa = PBXBuildFile; fileRef = 18644294228325CF00E8F4C6 /* CocoaLumberjackSwift.framework */; };
		1864429F228325D000E8F4C6 /* NEKit.framework in Frameworks */ = {isa = PBXBuildFile; fileRef = 18644295228325CF00E8F4C6 /* NEKit.framework */; };
		186442A0228325D000E8F4C6 /* CocoaAsyncSocket.framework in Frameworks */ = {isa = PBXBuildFile; fileRef = 18644296228325D000E8F4C6 /* CocoaAsyncSocket.framework */; };
		186442A1228325D000E8F4C6 /* CocoaLumberjack.framework in Frameworks */ = {isa = PBXBuildFile; fileRef = 18644297228325D000E8F4C6 /* CocoaLumberjack.framework */; };
		186442A2228325D000E8F4C6 /* Resolver.framework in Frameworks */ = {isa = PBXBuildFile; fileRef = 18644298228325D000E8F4C6 /* Resolver.framework */; };
		186442A3228325D000E8F4C6 /* Sodium.framework in Frameworks */ = {isa = PBXBuildFile; fileRef = 18644299228325D000E8F4C6 /* Sodium.framework */; };
		186442A4228325D000E8F4C6 /* MMDB.framework in Frameworks */ = {isa = PBXBuildFile; fileRef = 1864429A228325D000E8F4C6 /* MMDB.framework */; };
		186442A5228325D000E8F4C6 /* lwip.framework in Frameworks */ = {isa = PBXBuildFile; fileRef = 1864429B228325D000E8F4C6 /* lwip.framework */; };
		186442A72283263200E8F4C6 /* NEKitRule.conf in Resources */ = {isa = PBXBuildFile; fileRef = 186442A62283263200E8F4C6 /* NEKitRule.conf */; };
		186442AA2283264900E8F4C6 /* LVVPNManager.m in Sources */ = {isa = PBXBuildFile; fileRef = 186442A82283264900E8F4C6 /* LVVPNManager.m */; };
		18D4C7FB2281788300CE5E02 /* LVLaunchVC.m in Sources */ = {isa = PBXBuildFile; fileRef = 18D4C7FA2281788300CE5E02 /* LVLaunchVC.m */; };
		18D4C7FF2281794C00CE5E02 /* LVLaunchCell.m in Sources */ = {isa = PBXBuildFile; fileRef = 18D4C7FE2281794C00CE5E02 /* LVLaunchCell.m */; };
		18D4C8032281796C00CE5E02 /* LVLaunchModel.m in Sources */ = {isa = PBXBuildFile; fileRef = 18D4C8022281796C00CE5E02 /* LVLaunchModel.m */; };
		311365E122758B9F00BB1D9E /* HTTPRequestManager.m in Sources */ = {isa = PBXBuildFile; fileRef = 311365E022758B9F00BB1D9E /* HTTPRequestManager.m */; };
		311365E422758BB200BB1D9E /* GlobalManager.m in Sources */ = {isa = PBXBuildFile; fileRef = 311365E322758BB200BB1D9E /* GlobalManager.m */; };
		311365E9227597C900BB1D9E /* LVLeftMenuVC.m in Sources */ = {isa = PBXBuildFile; fileRef = 311365E8227597C900BB1D9E /* LVLeftMenuVC.m */; };
		311365EC227597DA00BB1D9E /* LVMainVC.m in Sources */ = {isa = PBXBuildFile; fileRef = 311365EB227597DA00BB1D9E /* LVMainVC.m */; };
		311365F022759F9E00BB1D9E /* LVLeftMenuCell.m in Sources */ = {isa = PBXBuildFile; fileRef = 311365EF22759F9E00BB1D9E /* LVLeftMenuCell.m */; };
		311365F322759FB200BB1D9E /* LVLeftMenuHeaderView.m in Sources */ = {isa = PBXBuildFile; fileRef = 311365F222759FB200BB1D9E /* LVLeftMenuHeaderView.m */; };
		311365F72275AF1100BB1D9E /* LVMainNavigationView.m in Sources */ = {isa = PBXBuildFile; fileRef = 311365F62275AF1100BB1D9E /* LVMainNavigationView.m */; };
		311365FA2275B73600BB1D9E /* LVLeftMenuFooterView.m in Sources */ = {isa = PBXBuildFile; fileRef = 311365F92275B73600BB1D9E /* LVLeftMenuFooterView.m */; };
		311365FE2275BCEA00BB1D9E /* LVAboutVC.m in Sources */ = {isa = PBXBuildFile; fileRef = 311365FD2275BCEA00BB1D9E /* LVAboutVC.m */; };
		311366012275EFF800BB1D9E /* LVMainConnectButtonView.m in Sources */ = {isa = PBXBuildFile; fileRef = 311366002275EFF800BB1D9E /* LVMainConnectButtonView.m */; };
		311366042275FE0B00BB1D9E /* LVMainConnectNoteView.m in Sources */ = {isa = PBXBuildFile; fileRef = 311366032275FE0B00BB1D9E /* LVMainConnectNoteView.m */; };
		311366072276038500BB1D9E /* LVMainLineSelecteView.m in Sources */ = {isa = PBXBuildFile; fileRef = 311366062276038500BB1D9E /* LVMainLineSelecteView.m */; };
		3113660A2276C75300BB1D9E /* LVMainGetFreeView.m in Sources */ = {isa = PBXBuildFile; fileRef = 311366092276C75300BB1D9E /* LVMainGetFreeView.m */; };
		3113660D2276E2CF00BB1D9E /* LVMainCodeInputView.m in Sources */ = {isa = PBXBuildFile; fileRef = 3113660C2276E2CF00BB1D9E /* LVMainCodeInputView.m */; };
		311366112276FF5E00BB1D9E /* LVMainLineModel.m in Sources */ = {isa = PBXBuildFile; fileRef = 311366102276FF5E00BB1D9E /* LVMainLineModel.m */; };
		31A76CC3227586A5003E39B2 /* AppDelegate.m in Sources */ = {isa = PBXBuildFile; fileRef = 31A76CC2227586A5003E39B2 /* AppDelegate.m */; };
		31A76CCB227586A7003E39B2 /* Assets.xcassets in Resources */ = {isa = PBXBuildFile; fileRef = 31A76CCA227586A7003E39B2 /* Assets.xcassets */; };
		31A76CD1227586A7003E39B2 /* main.m in Sources */ = {isa = PBXBuildFile; fileRef = 31A76CD0227586A7003E39B2 /* main.m */; };
		31A76CDF22758ADD003E39B2 /* LVBaseModel.m in Sources */ = {isa = PBXBuildFile; fileRef = 31A76CDE22758ADD003E39B2 /* LVBaseModel.m */; };
		31A76CE222758AF6003E39B2 /* LVBaseViewController.m in Sources */ = {isa = PBXBuildFile; fileRef = 31A76CE122758AF6003E39B2 /* LVBaseViewController.m */; };
		31A76CE522758B46003E39B2 /* LVTabbarController.m in Sources */ = {isa = PBXBuildFile; fileRef = 31A76CE422758B46003E39B2 /* LVTabbarController.m */; };
		31BF423E2277297500330422 /* UIButton+Extension.m in Sources */ = {isa = PBXBuildFile; fileRef = 31BF423D2277297500330422 /* UIButton+Extension.m */; };
		31BF424122773D0500330422 /* LVLeftMenuVIPBuyView.m in Sources */ = {isa = PBXBuildFile; fileRef = 31BF424022773D0500330422 /* LVLeftMenuVIPBuyView.m */; };
		31BF4245227749BD00330422 /* LVLeftMenuVIPBuyModel.m in Sources */ = {isa = PBXBuildFile; fileRef = 31BF4244227749BD00330422 /* LVLeftMenuVIPBuyModel.m */; };
		8601E951F92C6FD1E5FD3AC9 /* Pods_LightningVPN.framework in Frameworks */ = {isa = PBXBuildFile; fileRef = B40DB1612D275CA2A0B5AB78 /* Pods_LightningVPN.framework */; };
/* End PBXBuildFile section */

/* Begin PBXContainerItemProxy section */
		18644287228322E200E8F4C6 /* PBXContainerItemProxy */ = {
			isa = PBXContainerItemProxy;
			containerPortal = 31A76CB6227586A5003E39B2 /* Project object */;
			proxyType = 1;
			remoteGlobalIDString = 18644280228322E100E8F4C6;
			remoteInfo = PacketTunnel;
		};
/* End PBXContainerItemProxy section */

/* Begin PBXCopyFilesBuildPhase section */
		1864428D228322E200E8F4C6 /* Embed App Extensions */ = {
			isa = PBXCopyFilesBuildPhase;
			buildActionMask = 2147483647;
			dstPath = "";
			dstSubfolderSpec = 13;
			files = (
				18644289228322E200E8F4C6 /* PacketTunnel.appex in Embed App Extensions */,
			);
			name = "Embed App Extensions";
			runOnlyForDeploymentPostprocessing = 0;
		};
/* End PBXCopyFilesBuildPhase section */

/* Begin PBXFileReference section */
		0BF3F11AFF53C3B71A800A62 /* Pods-LightningVPN.debug.xcconfig */ = {isa = PBXFileReference; includeInIndex = 1; lastKnownFileType = text.xcconfig; name = "Pods-LightningVPN.debug.xcconfig"; path = "Target Support Files/Pods-LightningVPN/Pods-LightningVPN.debug.xcconfig"; sourceTree = "<group>"; };
		18644281228322E100E8F4C6 /* PacketTunnel.appex */ = {isa = PBXFileReference; explicitFileType = "wrapper.app-extension"; includeInIndex = 0; path = PacketTunnel.appex; sourceTree = BUILT_PRODUCTS_DIR; };
		18644283228322E200E8F4C6 /* PacketTunnelProvider.swift */ = {isa = PBXFileReference; lastKnownFileType = sourcecode.swift; path = PacketTunnelProvider.swift; sourceTree = "<group>"; };
		18644285228322E200E8F4C6 /* Info.plist */ = {isa = PBXFileReference; lastKnownFileType = text.plist.xml; path = Info.plist; sourceTree = "<group>"; };
		18644286228322E200E8F4C6 /* PacketTunnel.entitlements */ = {isa = PBXFileReference; lastKnownFileType = text.plist.entitlements; path = PacketTunnel.entitlements; sourceTree = "<group>"; };
		1864428E2283255900E8F4C6 /* LightningVPN.entitlements */ = {isa = PBXFileReference; lastKnownFileType = text.plist.entitlements; path = LightningVPN.entitlements; sourceTree = "<group>"; };
		1864428F2283257700E8F4C6 /* NetworkExtension.framework */ = {isa = PBXFileReference; lastKnownFileType = wrapper.framework; name = NetworkExtension.framework; path = System/Library/Frameworks/NetworkExtension.framework; sourceTree = SDKROOT; };
		18644292228325CF00E8F4C6 /* tun2socks.framework */ = {isa = PBXFileReference; lastKnownFileType = wrapper.framework; name = tun2socks.framework; path = Carthage/Build/iOS/tun2socks.framework; sourceTree = "<group>"; };
		18644293228325CF00E8F4C6 /* Yaml.framework */ = {isa = PBXFileReference; lastKnownFileType = wrapper.framework; name = Yaml.framework; path = Carthage/Build/iOS/Yaml.framework; sourceTree = "<group>"; };
		18644294228325CF00E8F4C6 /* CocoaLumberjackSwift.framework */ = {isa = PBXFileReference; lastKnownFileType = wrapper.framework; name = CocoaLumberjackSwift.framework; path = Carthage/Build/iOS/CocoaLumberjackSwift.framework; sourceTree = "<group>"; };
		18644295228325CF00E8F4C6 /* NEKit.framework */ = {isa = PBXFileReference; lastKnownFileType = wrapper.framework; name = NEKit.framework; path = Carthage/Build/iOS/NEKit.framework; sourceTree = "<group>"; };
		18644296228325D000E8F4C6 /* CocoaAsyncSocket.framework */ = {isa = PBXFileReference; lastKnownFileType = wrapper.framework; name = CocoaAsyncSocket.framework; path = Carthage/Build/iOS/CocoaAsyncSocket.framework; sourceTree = "<group>"; };
		18644297228325D000E8F4C6 /* CocoaLumberjack.framework */ = {isa = PBXFileReference; lastKnownFileType = wrapper.framework; name = CocoaLumberjack.framework; path = Carthage/Build/iOS/CocoaLumberjack.framework; sourceTree = "<group>"; };
		18644298228325D000E8F4C6 /* Resolver.framework */ = {isa = PBXFileReference; lastKnownFileType = wrapper.framework; name = Resolver.framework; path = Carthage/Build/iOS/Resolver.framework; sourceTree = "<group>"; };
		18644299228325D000E8F4C6 /* Sodium.framework */ = {isa = PBXFileReference; lastKnownFileType = wrapper.framework; name = Sodium.framework; path = Carthage/Build/iOS/Sodium.framework; sourceTree = "<group>"; };
		1864429A228325D000E8F4C6 /* MMDB.framework */ = {isa = PBXFileReference; lastKnownFileType = wrapper.framework; name = MMDB.framework; path = Carthage/Build/iOS/MMDB.framework; sourceTree = "<group>"; };
		1864429B228325D000E8F4C6 /* lwip.framework */ = {isa = PBXFileReference; lastKnownFileType = wrapper.framework; name = lwip.framework; path = Carthage/Build/iOS/lwip.framework; sourceTree = "<group>"; };
		186442A62283263200E8F4C6 /* NEKitRule.conf */ = {isa = PBXFileReference; fileEncoding = 4; lastKnownFileType = text; path = NEKitRule.conf; sourceTree = "<group>"; };
		186442A82283264900E8F4C6 /* LVVPNManager.m */ = {isa = PBXFileReference; fileEncoding = 4; lastKnownFileType = sourcecode.c.objc; path = LVVPNManager.m; sourceTree = "<group>"; };
		186442A92283264900E8F4C6 /* LVVPNManager.h */ = {isa = PBXFileReference; fileEncoding = 4; lastKnownFileType = sourcecode.c.h; path = LVVPNManager.h; sourceTree = "<group>"; };
		18D4C7F92281788300CE5E02 /* LVLaunchVC.h */ = {isa = PBXFileReference; lastKnownFileType = sourcecode.c.h; path = LVLaunchVC.h; sourceTree = "<group>"; };
		18D4C7FA2281788300CE5E02 /* LVLaunchVC.m */ = {isa = PBXFileReference; lastKnownFileType = sourcecode.c.objc; path = LVLaunchVC.m; sourceTree = "<group>"; };
		18D4C7FD2281794C00CE5E02 /* LVLaunchCell.h */ = {isa = PBXFileReference; lastKnownFileType = sourcecode.c.h; path = LVLaunchCell.h; sourceTree = "<group>"; };
		18D4C7FE2281794C00CE5E02 /* LVLaunchCell.m */ = {isa = PBXFileReference; lastKnownFileType = sourcecode.c.objc; path = LVLaunchCell.m; sourceTree = "<group>"; };
		18D4C8012281796C00CE5E02 /* LVLaunchModel.h */ = {isa = PBXFileReference; lastKnownFileType = sourcecode.c.h; path = LVLaunchModel.h; sourceTree = "<group>"; };
		18D4C8022281796C00CE5E02 /* LVLaunchModel.m */ = {isa = PBXFileReference; lastKnownFileType = sourcecode.c.objc; path = LVLaunchModel.m; sourceTree = "<group>"; };
		2C6FA9D22EE21C4332121B61 /* Pods-LightningVPN.release.xcconfig */ = {isa = PBXFileReference; includeInIndex = 1; lastKnownFileType = text.xcconfig; name = "Pods-LightningVPN.release.xcconfig"; path = "Target Support Files/Pods-LightningVPN/Pods-LightningVPN.release.xcconfig"; sourceTree = "<group>"; };
		311365DF22758B9F00BB1D9E /* HTTPRequestManager.h */ = {isa = PBXFileReference; lastKnownFileType = sourcecode.c.h; path = HTTPRequestManager.h; sourceTree = "<group>"; };
		311365E022758B9F00BB1D9E /* HTTPRequestManager.m */ = {isa = PBXFileReference; lastKnownFileType = sourcecode.c.objc; path = HTTPRequestManager.m; sourceTree = "<group>"; };
		311365E222758BB200BB1D9E /* GlobalManager.h */ = {isa = PBXFileReference; lastKnownFileType = sourcecode.c.h; path = GlobalManager.h; sourceTree = "<group>"; };
		311365E322758BB200BB1D9E /* GlobalManager.m */ = {isa = PBXFileReference; lastKnownFileType = sourcecode.c.objc; path = GlobalManager.m; sourceTree = "<group>"; };
		311365E7227597C900BB1D9E /* LVLeftMenuVC.h */ = {isa = PBXFileReference; lastKnownFileType = sourcecode.c.h; path = LVLeftMenuVC.h; sourceTree = "<group>"; };
		311365E8227597C900BB1D9E /* LVLeftMenuVC.m */ = {isa = PBXFileReference; lastKnownFileType = sourcecode.c.objc; path = LVLeftMenuVC.m; sourceTree = "<group>"; };
		311365EA227597DA00BB1D9E /* LVMainVC.h */ = {isa = PBXFileReference; lastKnownFileType = sourcecode.c.h; path = LVMainVC.h; sourceTree = "<group>"; };
		311365EB227597DA00BB1D9E /* LVMainVC.m */ = {isa = PBXFileReference; lastKnownFileType = sourcecode.c.objc; path = LVMainVC.m; sourceTree = "<group>"; };
		311365EE22759F9E00BB1D9E /* LVLeftMenuCell.h */ = {isa = PBXFileReference; lastKnownFileType = sourcecode.c.h; path = LVLeftMenuCell.h; sourceTree = "<group>"; };
		311365EF22759F9E00BB1D9E /* LVLeftMenuCell.m */ = {isa = PBXFileReference; lastKnownFileType = sourcecode.c.objc; path = LVLeftMenuCell.m; sourceTree = "<group>"; };
		311365F122759FB200BB1D9E /* LVLeftMenuHeaderView.h */ = {isa = PBXFileReference; lastKnownFileType = sourcecode.c.h; path = LVLeftMenuHeaderView.h; sourceTree = "<group>"; };
		311365F222759FB200BB1D9E /* LVLeftMenuHeaderView.m */ = {isa = PBXFileReference; lastKnownFileType = sourcecode.c.objc; path = LVLeftMenuHeaderView.m; sourceTree = "<group>"; };
		311365F52275AF1100BB1D9E /* LVMainNavigationView.h */ = {isa = PBXFileReference; lastKnownFileType = sourcecode.c.h; path = LVMainNavigationView.h; sourceTree = "<group>"; };
		311365F62275AF1100BB1D9E /* LVMainNavigationView.m */ = {isa = PBXFileReference; lastKnownFileType = sourcecode.c.objc; path = LVMainNavigationView.m; sourceTree = "<group>"; };
		311365F82275B73600BB1D9E /* LVLeftMenuFooterView.h */ = {isa = PBXFileReference; lastKnownFileType = sourcecode.c.h; path = LVLeftMenuFooterView.h; sourceTree = "<group>"; };
		311365F92275B73600BB1D9E /* LVLeftMenuFooterView.m */ = {isa = PBXFileReference; lastKnownFileType = sourcecode.c.objc; path = LVLeftMenuFooterView.m; sourceTree = "<group>"; };
		311365FC2275BCEA00BB1D9E /* LVAboutVC.h */ = {isa = PBXFileReference; lastKnownFileType = sourcecode.c.h; path = LVAboutVC.h; sourceTree = "<group>"; };
		311365FD2275BCEA00BB1D9E /* LVAboutVC.m */ = {isa = PBXFileReference; lastKnownFileType = sourcecode.c.objc; path = LVAboutVC.m; sourceTree = "<group>"; };
		311365FF2275EFF800BB1D9E /* LVMainConnectButtonView.h */ = {isa = PBXFileReference; lastKnownFileType = sourcecode.c.h; path = LVMainConnectButtonView.h; sourceTree = "<group>"; };
		311366002275EFF800BB1D9E /* LVMainConnectButtonView.m */ = {isa = PBXFileReference; lastKnownFileType = sourcecode.c.objc; path = LVMainConnectButtonView.m; sourceTree = "<group>"; };
		311366022275FE0B00BB1D9E /* LVMainConnectNoteView.h */ = {isa = PBXFileReference; lastKnownFileType = sourcecode.c.h; path = LVMainConnectNoteView.h; sourceTree = "<group>"; };
		311366032275FE0B00BB1D9E /* LVMainConnectNoteView.m */ = {isa = PBXFileReference; lastKnownFileType = sourcecode.c.objc; path = LVMainConnectNoteView.m; sourceTree = "<group>"; };
		311366052276038500BB1D9E /* LVMainLineSelecteView.h */ = {isa = PBXFileReference; lastKnownFileType = sourcecode.c.h; path = LVMainLineSelecteView.h; sourceTree = "<group>"; };
		311366062276038500BB1D9E /* LVMainLineSelecteView.m */ = {isa = PBXFileReference; lastKnownFileType = sourcecode.c.objc; path = LVMainLineSelecteView.m; sourceTree = "<group>"; };
		311366082276C75300BB1D9E /* LVMainGetFreeView.h */ = {isa = PBXFileReference; lastKnownFileType = sourcecode.c.h; path = LVMainGetFreeView.h; sourceTree = "<group>"; };
		311366092276C75300BB1D9E /* LVMainGetFreeView.m */ = {isa = PBXFileReference; lastKnownFileType = sourcecode.c.objc; path = LVMainGetFreeView.m; sourceTree = "<group>"; };
		3113660B2276E2CF00BB1D9E /* LVMainCodeInputView.h */ = {isa = PBXFileReference; lastKnownFileType = sourcecode.c.h; path = LVMainCodeInputView.h; sourceTree = "<group>"; };
		3113660C2276E2CF00BB1D9E /* LVMainCodeInputView.m */ = {isa = PBXFileReference; lastKnownFileType = sourcecode.c.objc; path = LVMainCodeInputView.m; sourceTree = "<group>"; };
		3113660F2276FF5E00BB1D9E /* LVMainLineModel.h */ = {isa = PBXFileReference; lastKnownFileType = sourcecode.c.h; path = LVMainLineModel.h; sourceTree = "<group>"; };
		311366102276FF5E00BB1D9E /* LVMainLineModel.m */ = {isa = PBXFileReference; lastKnownFileType = sourcecode.c.objc; path = LVMainLineModel.m; sourceTree = "<group>"; };
		31A76CBE227586A5003E39B2 /* LightningVPN.app */ = {isa = PBXFileReference; explicitFileType = wrapper.application; includeInIndex = 0; path = LightningVPN.app; sourceTree = BUILT_PRODUCTS_DIR; };
		31A76CC1227586A5003E39B2 /* AppDelegate.h */ = {isa = PBXFileReference; lastKnownFileType = sourcecode.c.h; path = AppDelegate.h; sourceTree = "<group>"; };
		31A76CC2227586A5003E39B2 /* AppDelegate.m */ = {isa = PBXFileReference; lastKnownFileType = sourcecode.c.objc; path = AppDelegate.m; sourceTree = "<group>"; };
		31A76CCA227586A7003E39B2 /* Assets.xcassets */ = {isa = PBXFileReference; lastKnownFileType = folder.assetcatalog; path = Assets.xcassets; sourceTree = "<group>"; };
		31A76CCF227586A7003E39B2 /* Info.plist */ = {isa = PBXFileReference; lastKnownFileType = text.plist.xml; path = Info.plist; sourceTree = "<group>"; };
		31A76CD0227586A7003E39B2 /* main.m */ = {isa = PBXFileReference; lastKnownFileType = sourcecode.c.objc; path = main.m; sourceTree = "<group>"; };
		31A76CD72275892F003E39B2 /* LightningVPN.pch */ = {isa = PBXFileReference; lastKnownFileType = sourcecode.c.h; path = LightningVPN.pch; sourceTree = "<group>"; };
		31A76CDD22758ADD003E39B2 /* LVBaseModel.h */ = {isa = PBXFileReference; lastKnownFileType = sourcecode.c.h; path = LVBaseModel.h; sourceTree = "<group>"; };
		31A76CDE22758ADD003E39B2 /* LVBaseModel.m */ = {isa = PBXFileReference; lastKnownFileType = sourcecode.c.objc; path = LVBaseModel.m; sourceTree = "<group>"; };
		31A76CE022758AF6003E39B2 /* LVBaseViewController.h */ = {isa = PBXFileReference; lastKnownFileType = sourcecode.c.h; path = LVBaseViewController.h; sourceTree = "<group>"; };
		31A76CE122758AF6003E39B2 /* LVBaseViewController.m */ = {isa = PBXFileReference; lastKnownFileType = sourcecode.c.objc; path = LVBaseViewController.m; sourceTree = "<group>"; };
		31A76CE322758B46003E39B2 /* LVTabbarController.h */ = {isa = PBXFileReference; lastKnownFileType = sourcecode.c.h; path = LVTabbarController.h; sourceTree = "<group>"; };
		31A76CE422758B46003E39B2 /* LVTabbarController.m */ = {isa = PBXFileReference; lastKnownFileType = sourcecode.c.objc; path = LVTabbarController.m; sourceTree = "<group>"; };
		31BF423C2277297500330422 /* UIButton+Extension.h */ = {isa = PBXFileReference; lastKnownFileType = sourcecode.c.h; path = "UIButton+Extension.h"; sourceTree = "<group>"; };
		31BF423D2277297500330422 /* UIButton+Extension.m */ = {isa = PBXFileReference; lastKnownFileType = sourcecode.c.objc; path = "UIButton+Extension.m"; sourceTree = "<group>"; };
		31BF423F22773D0500330422 /* LVLeftMenuVIPBuyView.h */ = {isa = PBXFileReference; lastKnownFileType = sourcecode.c.h; path = LVLeftMenuVIPBuyView.h; sourceTree = "<group>"; };
		31BF424022773D0500330422 /* LVLeftMenuVIPBuyView.m */ = {isa = PBXFileReference; lastKnownFileType = sourcecode.c.objc; path = LVLeftMenuVIPBuyView.m; sourceTree = "<group>"; };
		31BF4243227749BD00330422 /* LVLeftMenuVIPBuyModel.h */ = {isa = PBXFileReference; lastKnownFileType = sourcecode.c.h; path = LVLeftMenuVIPBuyModel.h; sourceTree = "<group>"; };
		31BF4244227749BD00330422 /* LVLeftMenuVIPBuyModel.m */ = {isa = PBXFileReference; lastKnownFileType = sourcecode.c.objc; path = LVLeftMenuVIPBuyModel.m; sourceTree = "<group>"; };
		B40DB1612D275CA2A0B5AB78 /* Pods_LightningVPN.framework */ = {isa = PBXFileReference; explicitFileType = wrapper.framework; includeInIndex = 0; path = Pods_LightningVPN.framework; sourceTree = BUILT_PRODUCTS_DIR; };
/* End PBXFileReference section */

/* Begin PBXFrameworksBuildPhase section */
		1864427E228322E100E8F4C6 /* Frameworks */ = {
			isa = PBXFrameworksBuildPhase;
			buildActionMask = 2147483647;
			files = (
				186442912283258400E8F4C6 /* NetworkExtension.framework in Frameworks */,
				1864429C228325D000E8F4C6 /* tun2socks.framework in Frameworks */,
				1864429D228325D000E8F4C6 /* Yaml.framework in Frameworks */,
				1864429E228325D000E8F4C6 /* CocoaLumberjackSwift.framework in Frameworks */,
				1864429F228325D000E8F4C6 /* NEKit.framework in Frameworks */,
				186442A0228325D000E8F4C6 /* CocoaAsyncSocket.framework in Frameworks */,
				186442A1228325D000E8F4C6 /* CocoaLumberjack.framework in Frameworks */,
				186442A2228325D000E8F4C6 /* Resolver.framework in Frameworks */,
				186442A3228325D000E8F4C6 /* Sodium.framework in Frameworks */,
				186442A4228325D000E8F4C6 /* MMDB.framework in Frameworks */,
				186442A5228325D000E8F4C6 /* lwip.framework in Frameworks */,
			);
			runOnlyForDeploymentPostprocessing = 0;
		};
		31A76CBB227586A5003E39B2 /* Frameworks */ = {
			isa = PBXFrameworksBuildPhase;
			buildActionMask = 2147483647;
			files = (
				8601E951F92C6FD1E5FD3AC9 /* Pods_LightningVPN.framework in Frameworks */,
				186442902283257700E8F4C6 /* NetworkExtension.framework in Frameworks */,
			);
			runOnlyForDeploymentPostprocessing = 0;
		};
/* End PBXFrameworksBuildPhase section */

/* Begin PBXGroup section */
		18644282228322E200E8F4C6 /* PacketTunnel */ = {
			isa = PBXGroup;
			children = (
				18644283228322E200E8F4C6 /* PacketTunnelProvider.swift */,
				18644285228322E200E8F4C6 /* Info.plist */,
				18644286228322E200E8F4C6 /* PacketTunnel.entitlements */,
			);
			path = PacketTunnel;
			sourceTree = "<group>";
		};
		18D4C7F82281785B00CE5E02 /* Launch */ = {
			isa = PBXGroup;
			children = (
				18D4C7F92281788300CE5E02 /* LVLaunchVC.h */,
				18D4C7FA2281788300CE5E02 /* LVLaunchVC.m */,
				18D4C8002281795400CE5E02 /* Model */,
				18D4C7FC2281792800CE5E02 /* View */,
			);
			path = Launch;
			sourceTree = "<group>";
		};
		18D4C7FC2281792800CE5E02 /* View */ = {
			isa = PBXGroup;
			children = (
				18D4C7FD2281794C00CE5E02 /* LVLaunchCell.h */,
				18D4C7FE2281794C00CE5E02 /* LVLaunchCell.m */,
			);
			path = View;
			sourceTree = "<group>";
		};
		18D4C8002281795400CE5E02 /* Model */ = {
			isa = PBXGroup;
			children = (
				18D4C8012281796C00CE5E02 /* LVLaunchModel.h */,
				18D4C8022281796C00CE5E02 /* LVLaunchModel.m */,
			);
			path = Model;
			sourceTree = "<group>";
		};
		20B7931E36720AF70E31189E /* Pods */ = {
			isa = PBXGroup;
			children = (
				0BF3F11AFF53C3B71A800A62 /* Pods-LightningVPN.debug.xcconfig */,
				2C6FA9D22EE21C4332121B61 /* Pods-LightningVPN.release.xcconfig */,
			);
			path = Pods;
			sourceTree = "<group>";
		};
		311365E52275979200BB1D9E /* LeftMenu */ = {
			isa = PBXGroup;
			children = (
				311365E7227597C900BB1D9E /* LVLeftMenuVC.h */,
				311365E8227597C900BB1D9E /* LVLeftMenuVC.m */,
				31BF42422277496B00330422 /* Model */,
				311365ED22759F0200BB1D9E /* View */,
			);
			path = LeftMenu;
			sourceTree = "<group>";
		};
		311365E6227597AC00BB1D9E /* Main */ = {
			isa = PBXGroup;
			children = (
				311365EA227597DA00BB1D9E /* LVMainVC.h */,
				311365EB227597DA00BB1D9E /* LVMainVC.m */,
				186442A92283264900E8F4C6 /* LVVPNManager.h */,
				186442A82283264900E8F4C6 /* LVVPNManager.m */,
				3113660E2276FF4A00BB1D9E /* Model */,
				311365F42275AEFB00BB1D9E /* View */,
			);
			path = Main;
			sourceTree = "<group>";
		};
		311365ED22759F0200BB1D9E /* View */ = {
			isa = PBXGroup;
			children = (
				311365F122759FB200BB1D9E /* LVLeftMenuHeaderView.h */,
				311365F222759FB200BB1D9E /* LVLeftMenuHeaderView.m */,
				311365EE22759F9E00BB1D9E /* LVLeftMenuCell.h */,
				311365EF22759F9E00BB1D9E /* LVLeftMenuCell.m */,
				311365F82275B73600BB1D9E /* LVLeftMenuFooterView.h */,
				311365F92275B73600BB1D9E /* LVLeftMenuFooterView.m */,
				31BF423F22773D0500330422 /* LVLeftMenuVIPBuyView.h */,
				31BF424022773D0500330422 /* LVLeftMenuVIPBuyView.m */,
			);
			path = View;
			sourceTree = "<group>";
		};
		311365F42275AEFB00BB1D9E /* View */ = {
			isa = PBXGroup;
			children = (
				311365F52275AF1100BB1D9E /* LVMainNavigationView.h */,
				311365F62275AF1100BB1D9E /* LVMainNavigationView.m */,
				311365FF2275EFF800BB1D9E /* LVMainConnectButtonView.h */,
				311366002275EFF800BB1D9E /* LVMainConnectButtonView.m */,
				311366022275FE0B00BB1D9E /* LVMainConnectNoteView.h */,
				311366032275FE0B00BB1D9E /* LVMainConnectNoteView.m */,
				311366052276038500BB1D9E /* LVMainLineSelecteView.h */,
				311366062276038500BB1D9E /* LVMainLineSelecteView.m */,
				311366082276C75300BB1D9E /* LVMainGetFreeView.h */,
				311366092276C75300BB1D9E /* LVMainGetFreeView.m */,
				3113660B2276E2CF00BB1D9E /* LVMainCodeInputView.h */,
				3113660C2276E2CF00BB1D9E /* LVMainCodeInputView.m */,
			);
			path = View;
			sourceTree = "<group>";
		};
		311365FB2275BCCC00BB1D9E /* About */ = {
			isa = PBXGroup;
			children = (
				311365FC2275BCEA00BB1D9E /* LVAboutVC.h */,
				311365FD2275BCEA00BB1D9E /* LVAboutVC.m */,
			);
			path = About;
			sourceTree = "<group>";
		};
		3113660E2276FF4A00BB1D9E /* Model */ = {
			isa = PBXGroup;
			children = (
				3113660F2276FF5E00BB1D9E /* LVMainLineModel.h */,
				311366102276FF5E00BB1D9E /* LVMainLineModel.m */,
			);
			path = Model;
			sourceTree = "<group>";
		};
		31A76CB5227586A5003E39B2 = {
			isa = PBXGroup;
			children = (
				31A76CC0227586A5003E39B2 /* LightningVPN */,
				18644282228322E200E8F4C6 /* PacketTunnel */,
				31A76CBF227586A5003E39B2 /* Products */,
				20B7931E36720AF70E31189E /* Pods */,
				FEFDD66AF6F63DB5EBF7BD34 /* Frameworks */,
			);
			sourceTree = "<group>";
		};
		31A76CBF227586A5003E39B2 /* Products */ = {
			isa = PBXGroup;
			children = (
				31A76CBE227586A5003E39B2 /* LightningVPN.app */,
				18644281228322E100E8F4C6 /* PacketTunnel.appex */,
			);
			name = Products;
			sourceTree = "<group>";
		};
		31A76CC0227586A5003E39B2 /* LightningVPN */ = {
			isa = PBXGroup;
			children = (
				186442A62283263200E8F4C6 /* NEKitRule.conf */,
				1864428E2283255900E8F4C6 /* LightningVPN.entitlements */,
				31A76CC1227586A5003E39B2 /* AppDelegate.h */,
				31A76CC2227586A5003E39B2 /* AppDelegate.m */,
				31A76CDC22758A73003E39B2 /* app support */,
				31A76CD822758A46003E39B2 /* Base */,
				31A76CD922758A4E003E39B2 /* Extension */,
				31A76CDA22758A5B003E39B2 /* UI */,
				31A76CDB22758A63003E39B2 /* Tool */,
				31A76CCA227586A7003E39B2 /* Assets.xcassets */,
				31A76CCF227586A7003E39B2 /* Info.plist */,
				31A76CD72275892F003E39B2 /* LightningVPN.pch */,
				31A76CD0227586A7003E39B2 /* main.m */,
			);
			path = LightningVPN;
			sourceTree = "<group>";
		};
		31A76CD822758A46003E39B2 /* Base */ = {
			isa = PBXGroup;
			children = (
				31A76CDD22758ADD003E39B2 /* LVBaseModel.h */,
				31A76CDE22758ADD003E39B2 /* LVBaseModel.m */,
				31A76CE022758AF6003E39B2 /* LVBaseViewController.h */,
				31A76CE122758AF6003E39B2 /* LVBaseViewController.m */,
				31A76CE322758B46003E39B2 /* LVTabbarController.h */,
				31A76CE422758B46003E39B2 /* LVTabbarController.m */,
			);
			path = Base;
			sourceTree = "<group>";
		};
		31A76CD922758A4E003E39B2 /* Extension */ = {
			isa = PBXGroup;
			children = (
				31BF423C2277297500330422 /* UIButton+Extension.h */,
				31BF423D2277297500330422 /* UIButton+Extension.m */,
			);
			path = Extension;
			sourceTree = "<group>";
		};
		31A76CDA22758A5B003E39B2 /* UI */ = {
			isa = PBXGroup;
			children = (
				18D4C7F82281785B00CE5E02 /* Launch */,
				311365E52275979200BB1D9E /* LeftMenu */,
				311365E6227597AC00BB1D9E /* Main */,
				311365FB2275BCCC00BB1D9E /* About */,
			);
			path = UI;
			sourceTree = "<group>";
		};
		31A76CDB22758A63003E39B2 /* Tool */ = {
			isa = PBXGroup;
			children = (
				311365E222758BB200BB1D9E /* GlobalManager.h */,
				311365E322758BB200BB1D9E /* GlobalManager.m */,
				311365DF22758B9F00BB1D9E /* HTTPRequestManager.h */,
				311365E022758B9F00BB1D9E /* HTTPRequestManager.m */,
			);
			path = Tool;
			sourceTree = "<group>";
		};
		31A76CDC22758A73003E39B2 /* app support */ = {
			isa = PBXGroup;
			children = (
			);
			path = "app support";
			sourceTree = "<group>";
		};
		31BF42422277496B00330422 /* Model */ = {
			isa = PBXGroup;
			children = (
				31BF4243227749BD00330422 /* LVLeftMenuVIPBuyModel.h */,
				31BF4244227749BD00330422 /* LVLeftMenuVIPBuyModel.m */,
			);
			path = Model;
			sourceTree = "<group>";
		};
		FEFDD66AF6F63DB5EBF7BD34 /* Frameworks */ = {
			isa = PBXGroup;
			children = (
				18644296228325D000E8F4C6 /* CocoaAsyncSocket.framework */,
				18644297228325D000E8F4C6 /* CocoaLumberjack.framework */,
				18644294228325CF00E8F4C6 /* CocoaLumberjackSwift.framework */,
				1864429B228325D000E8F4C6 /* lwip.framework */,
				1864429A228325D000E8F4C6 /* MMDB.framework */,
				18644295228325CF00E8F4C6 /* NEKit.framework */,
				18644298228325D000E8F4C6 /* Resolver.framework */,
				18644299228325D000E8F4C6 /* Sodium.framework */,
				18644292228325CF00E8F4C6 /* tun2socks.framework */,
				18644293228325CF00E8F4C6 /* Yaml.framework */,
				1864428F2283257700E8F4C6 /* NetworkExtension.framework */,
				B40DB1612D275CA2A0B5AB78 /* Pods_LightningVPN.framework */,
			);
			name = Frameworks;
			sourceTree = "<group>";
		};
/* End PBXGroup section */

/* Begin PBXNativeTarget section */
		18644280228322E100E8F4C6 /* PacketTunnel */ = {
			isa = PBXNativeTarget;
			buildConfigurationList = 1864428C228322E200E8F4C6 /* Build configuration list for PBXNativeTarget "PacketTunnel" */;
			buildPhases = (
				1864427D228322E100E8F4C6 /* Sources */,
				1864427E228322E100E8F4C6 /* Frameworks */,
				1864427F228322E100E8F4C6 /* Resources */,
			);
			buildRules = (
			);
			dependencies = (
			);
			name = PacketTunnel;
			productName = PacketTunnel;
			productReference = 18644281228322E100E8F4C6 /* PacketTunnel.appex */;
			productType = "com.apple.product-type.app-extension";
		};
		31A76CBD227586A5003E39B2 /* LightningVPN */ = {
			isa = PBXNativeTarget;
			buildConfigurationList = 31A76CD4227586A7003E39B2 /* Build configuration list for PBXNativeTarget "LightningVPN" */;
			buildPhases = (
				6D4EFCDD6F03854FE6A50769 /* [CP] Check Pods Manifest.lock */,
				31A76CBA227586A5003E39B2 /* Sources */,
				31A76CBB227586A5003E39B2 /* Frameworks */,
				31A76CBC227586A5003E39B2 /* Resources */,
				5456539E74B8942EECE12DF3 /* [CP] Embed Pods Frameworks */,
				1864428D228322E200E8F4C6 /* Embed App Extensions */,
				189BEA782283304600D5727A /* ShellScript */,
			);
			buildRules = (
			);
			dependencies = (
				18644288228322E200E8F4C6 /* PBXTargetDependency */,
			);
			name = LightningVPN;
			productName = LightningVPN;
			productReference = 31A76CBE227586A5003E39B2 /* LightningVPN.app */;
			productType = "com.apple.product-type.application";
		};
/* End PBXNativeTarget section */

/* Begin PBXProject section */
		31A76CB6227586A5003E39B2 /* Project object */ = {
			isa = PBXProject;
			attributes = {
				LastSwiftUpdateCheck = 1020;
				LastUpgradeCheck = 1020;
				ORGANIZATIONNAME = FKD;
				TargetAttributes = {
					18644280228322E100E8F4C6 = {
						CreatedOnToolsVersion = 10.2.1;
						SystemCapabilities = {
							com.apple.ApplicationGroups.iOS = {
								enabled = 1;
							};
							com.apple.NetworkExtensions.iOS = {
								enabled = 1;
							};
							com.apple.VPNLite = {
								enabled = 1;
							};
						};
					};
					31A76CBD227586A5003E39B2 = {
						CreatedOnToolsVersion = 10.2;
						SystemCapabilities = {
							com.apple.ApplicationGroups.iOS = {
								enabled = 1;
							};
							com.apple.NetworkExtensions.iOS = {
								enabled = 1;
							};
							com.apple.VPNLite = {
								enabled = 1;
							};
						};
					};
				};
			};
			buildConfigurationList = 31A76CB9227586A5003E39B2 /* Build configuration list for PBXProject "LightningVPN" */;
			compatibilityVersion = "Xcode 9.3";
			developmentRegion = en;
			hasScannedForEncodings = 0;
			knownRegions = (
				en,
				Base,
			);
			mainGroup = 31A76CB5227586A5003E39B2;
			productRefGroup = 31A76CBF227586A5003E39B2 /* Products */;
			projectDirPath = "";
			projectRoot = "";
			targets = (
				31A76CBD227586A5003E39B2 /* LightningVPN */,
				18644280228322E100E8F4C6 /* PacketTunnel */,
			);
		};
/* End PBXProject section */

/* Begin PBXResourcesBuildPhase section */
		1864427F228322E100E8F4C6 /* Resources */ = {
			isa = PBXResourcesBuildPhase;
			buildActionMask = 2147483647;
			files = (
			);
			runOnlyForDeploymentPostprocessing = 0;
		};
		31A76CBC227586A5003E39B2 /* Resources */ = {
			isa = PBXResourcesBuildPhase;
			buildActionMask = 2147483647;
			files = (
				31A76CCB227586A7003E39B2 /* Assets.xcassets in Resources */,
				186442A72283263200E8F4C6 /* NEKitRule.conf in Resources */,
			);
			runOnlyForDeploymentPostprocessing = 0;
		};
/* End PBXResourcesBuildPhase section */

/* Begin PBXShellScriptBuildPhase section */
		189BEA782283304600D5727A /* ShellScript */ = {
			isa = PBXShellScriptBuildPhase;
			buildActionMask = 2147483647;
			files = (
			);
			inputFileListPaths = (
			);
			inputPaths = (
				"$(SRCROOT)/Carthage/Build/iOS/CocoaAsyncSocket.framework",
				"$(SRCROOT)/Carthage/Build/iOS/CocoaLumberjack.framework",
				"$(SRCROOT)/Carthage/Build/iOS/CocoaLumberjackSwift.framework",
				"$(SRCROOT)/Carthage/Build/iOS/lwip.framework",
				"$(SRCROOT)/Carthage/Build/iOS/MMDB.framework",
				"$(SRCROOT)/Carthage/Build/iOS/NEKit.framework",
				"$(SRCROOT)/Carthage/Build/iOS/Sodium.framework",
				"$(SRCROOT)/Carthage/Build/iOS/tun2socks.framework",
				"$(SRCROOT)/Carthage/Build/iOS/Yaml.framework",
				"$(SRCROOT)/Carthage/Build/iOS/Resolver.framework",
			);
			outputFileListPaths = (
			);
			outputPaths = (
			);
			runOnlyForDeploymentPostprocessing = 0;
			shellPath = /bin/sh;
			shellScript = "# Type a script or drag a script file from your workspace to insert its path.\n/usr/local/bin/carthage copy-frameworks\n";
		};
		5456539E74B8942EECE12DF3 /* [CP] Embed Pods Frameworks */ = {
			isa = PBXShellScriptBuildPhase;
			buildActionMask = 2147483647;
			files = (
			);
			inputFileListPaths = (
				"${PODS_ROOT}/Target Support Files/Pods-LightningVPN/Pods-LightningVPN-frameworks-${CONFIGURATION}-input-files.xcfilelist",
			);
			name = "[CP] Embed Pods Frameworks";
			outputFileListPaths = (
				"${PODS_ROOT}/Target Support Files/Pods-LightningVPN/Pods-LightningVPN-frameworks-${CONFIGURATION}-output-files.xcfilelist",
			);
			runOnlyForDeploymentPostprocessing = 0;
			shellPath = /bin/sh;
			shellScript = "\"${PODS_ROOT}/Target Support Files/Pods-LightningVPN/Pods-LightningVPN-frameworks.sh\"\n";
			showEnvVarsInLog = 0;
		};
		6D4EFCDD6F03854FE6A50769 /* [CP] Check Pods Manifest.lock */ = {
			isa = PBXShellScriptBuildPhase;
			buildActionMask = 2147483647;
			files = (
			);
			inputFileListPaths = (
			);
			inputPaths = (
				"${PODS_PODFILE_DIR_PATH}/Podfile.lock",
				"${PODS_ROOT}/Manifest.lock",
			);
			name = "[CP] Check Pods Manifest.lock";
			outputFileListPaths = (
			);
			outputPaths = (
				"$(DERIVED_FILE_DIR)/Pods-LightningVPN-checkManifestLockResult.txt",
			);
			runOnlyForDeploymentPostprocessing = 0;
			shellPath = /bin/sh;
			shellScript = "diff \"${PODS_PODFILE_DIR_PATH}/Podfile.lock\" \"${PODS_ROOT}/Manifest.lock\" > /dev/null\nif [ $? != 0 ] ; then\n    # print error to STDERR\n    echo \"error: The sandbox is not in sync with the Podfile.lock. Run 'pod install' or update your CocoaPods installation.\" >&2\n    exit 1\nfi\n# This output is used by Xcode 'outputs' to avoid re-running this script phase.\necho \"SUCCESS\" > \"${SCRIPT_OUTPUT_FILE_0}\"\n";
			showEnvVarsInLog = 0;
		};
/* End PBXShellScriptBuildPhase section */

/* Begin PBXSourcesBuildPhase section */
		1864427D228322E100E8F4C6 /* Sources */ = {
			isa = PBXSourcesBuildPhase;
			buildActionMask = 2147483647;
			files = (
				18644284228322E200E8F4C6 /* PacketTunnelProvider.swift in Sources */,
			);
			runOnlyForDeploymentPostprocessing = 0;
		};
		31A76CBA227586A5003E39B2 /* Sources */ = {
			isa = PBXSourcesBuildPhase;
			buildActionMask = 2147483647;
			files = (
				311365EC227597DA00BB1D9E /* LVMainVC.m in Sources */,
				311366012275EFF800BB1D9E /* LVMainConnectButtonView.m in Sources */,
				186442AA2283264900E8F4C6 /* LVVPNManager.m in Sources */,
				3113660A2276C75300BB1D9E /* LVMainGetFreeView.m in Sources */,
				31A76CD1227586A7003E39B2 /* main.m in Sources */,
				311366112276FF5E00BB1D9E /* LVMainLineModel.m in Sources */,
				31BF4245227749BD00330422 /* LVLeftMenuVIPBuyModel.m in Sources */,
				31A76CE222758AF6003E39B2 /* LVBaseViewController.m in Sources */,
				311366072276038500BB1D9E /* LVMainLineSelecteView.m in Sources */,
				311366042275FE0B00BB1D9E /* LVMainConnectNoteView.m in Sources */,
				31A76CE522758B46003E39B2 /* LVTabbarController.m in Sources */,
				311365E122758B9F00BB1D9E /* HTTPRequestManager.m in Sources */,
				311365E9227597C900BB1D9E /* LVLeftMenuVC.m in Sources */,
				31A76CDF22758ADD003E39B2 /* LVBaseModel.m in Sources */,
				18D4C7FB2281788300CE5E02 /* LVLaunchVC.m in Sources */,
				3113660D2276E2CF00BB1D9E /* LVMainCodeInputView.m in Sources */,
				311365F72275AF1100BB1D9E /* LVMainNavigationView.m in Sources */,
				311365F322759FB200BB1D9E /* LVLeftMenuHeaderView.m in Sources */,
				31BF424122773D0500330422 /* LVLeftMenuVIPBuyView.m in Sources */,
				311365E422758BB200BB1D9E /* GlobalManager.m in Sources */,
				31BF423E2277297500330422 /* UIButton+Extension.m in Sources */,
				311365FE2275BCEA00BB1D9E /* LVAboutVC.m in Sources */,
				311365FA2275B73600BB1D9E /* LVLeftMenuFooterView.m in Sources */,
				31A76CC3227586A5003E39B2 /* AppDelegate.m in Sources */,
				18D4C7FF2281794C00CE5E02 /* LVLaunchCell.m in Sources */,
				18D4C8032281796C00CE5E02 /* LVLaunchModel.m in Sources */,
				311365F022759F9E00BB1D9E /* LVLeftMenuCell.m in Sources */,
			);
			runOnlyForDeploymentPostprocessing = 0;
		};
/* End PBXSourcesBuildPhase section */

/* Begin PBXTargetDependency section */
		18644288228322E200E8F4C6 /* PBXTargetDependency */ = {
			isa = PBXTargetDependency;
			target = 18644280228322E100E8F4C6 /* PacketTunnel */;
			targetProxy = 18644287228322E200E8F4C6 /* PBXContainerItemProxy */;
		};
/* End PBXTargetDependency section */

/* Begin XCBuildConfiguration section */
		1864428A228322E200E8F4C6 /* Debug */ = {
			isa = XCBuildConfiguration;
			buildSettings = {
				CODE_SIGN_ENTITLEMENTS = PacketTunnel/PacketTunnel.entitlements;
				CODE_SIGN_STYLE = Automatic;
				DEVELOPMENT_TEAM = 6RYXF8U2N6;
				FRAMEWORK_SEARCH_PATHS = (
					"$(inherited)",
					"$(PROJECT_DIR)/Carthage/Build/iOS",
				);
				INFOPLIST_FILE = PacketTunnel/Info.plist;
				IPHONEOS_DEPLOYMENT_TARGET = 10.0;
				LD_RUNPATH_SEARCH_PATHS = (
					"$(inherited)",
					"@executable_path/Frameworks",
					"@executable_path/../../Frameworks",
				);
				PRODUCT_BUNDLE_IDENTIFIER = LightningVPN.temp.PacketTunnel;
				PRODUCT_NAME = "$(TARGET_NAME)";
				SKIP_INSTALL = YES;
				SWIFT_ACTIVE_COMPILATION_CONDITIONS = DEBUG;
				SWIFT_OPTIMIZATION_LEVEL = "-Onone";
				SWIFT_VERSION = 5.0;
				TARGETED_DEVICE_FAMILY = 1;
			};
			name = Debug;
		};
		1864428B228322E200E8F4C6 /* Release */ = {
			isa = XCBuildConfiguration;
			buildSettings = {
				CODE_SIGN_ENTITLEMENTS = PacketTunnel/PacketTunnel.entitlements;
				CODE_SIGN_STYLE = Automatic;
				DEVELOPMENT_TEAM = 6RYXF8U2N6;
				FRAMEWORK_SEARCH_PATHS = (
					"$(inherited)",
					"$(PROJECT_DIR)/Carthage/Build/iOS",
				);
				INFOPLIST_FILE = PacketTunnel/Info.plist;
				IPHONEOS_DEPLOYMENT_TARGET = 10.0;
				LD_RUNPATH_SEARCH_PATHS = (
					"$(inherited)",
					"@executable_path/Frameworks",
					"@executable_path/../../Frameworks",
				);
				PRODUCT_BUNDLE_IDENTIFIER = LightningVPN.temp.PacketTunnel;
				PRODUCT_NAME = "$(TARGET_NAME)";
				SKIP_INSTALL = YES;
				SWIFT_COMPILATION_MODE = wholemodule;
				SWIFT_OPTIMIZATION_LEVEL = "-O";
				SWIFT_VERSION = 5.0;
				TARGETED_DEVICE_FAMILY = 1;
			};
			name = Release;
		};
		31A76CD2227586A7003E39B2 /* Debug */ = {
			isa = XCBuildConfiguration;
			buildSettings = {
				ALWAYS_SEARCH_USER_PATHS = NO;
				CLANG_ANALYZER_NONNULL = YES;
				CLANG_ANALYZER_NUMBER_OBJECT_CONVERSION = YES_AGGRESSIVE;
				CLANG_CXX_LANGUAGE_STANDARD = "gnu++14";
				CLANG_CXX_LIBRARY = "libc++";
				CLANG_ENABLE_MODULES = YES;
				CLANG_ENABLE_OBJC_ARC = YES;
				CLANG_ENABLE_OBJC_WEAK = YES;
				CLANG_WARN_BLOCK_CAPTURE_AUTORELEASING = YES;
				CLANG_WARN_BOOL_CONVERSION = YES;
				CLANG_WARN_COMMA = YES;
				CLANG_WARN_CONSTANT_CONVERSION = YES;
				CLANG_WARN_DEPRECATED_OBJC_IMPLEMENTATIONS = YES;
				CLANG_WARN_DIRECT_OBJC_ISA_USAGE = YES_ERROR;
				CLANG_WARN_DOCUMENTATION_COMMENTS = YES;
				CLANG_WARN_EMPTY_BODY = YES;
				CLANG_WARN_ENUM_CONVERSION = YES;
				CLANG_WARN_INFINITE_RECURSION = YES;
				CLANG_WARN_INT_CONVERSION = YES;
				CLANG_WARN_NON_LITERAL_NULL_CONVERSION = YES;
				CLANG_WARN_OBJC_IMPLICIT_RETAIN_SELF = YES;
				CLANG_WARN_OBJC_LITERAL_CONVERSION = YES;
				CLANG_WARN_OBJC_ROOT_CLASS = YES_ERROR;
				CLANG_WARN_RANGE_LOOP_ANALYSIS = YES;
				CLANG_WARN_STRICT_PROTOTYPES = YES;
				CLANG_WARN_SUSPICIOUS_MOVE = YES;
				CLANG_WARN_UNGUARDED_AVAILABILITY = YES_AGGRESSIVE;
				CLANG_WARN_UNREACHABLE_CODE = YES;
				CLANG_WARN__DUPLICATE_METHOD_MATCH = YES;
				CODE_SIGN_IDENTITY = "iPhone Developer";
				COPY_PHASE_STRIP = NO;
				DEBUG_INFORMATION_FORMAT = dwarf;
				ENABLE_STRICT_OBJC_MSGSEND = YES;
				ENABLE_TESTABILITY = YES;
				GCC_C_LANGUAGE_STANDARD = gnu11;
				GCC_DYNAMIC_NO_PIC = NO;
				GCC_NO_COMMON_BLOCKS = YES;
				GCC_OPTIMIZATION_LEVEL = 0;
				GCC_PREPROCESSOR_DEFINITIONS = (
					"DEBUG=1",
					"$(inherited)",
				);
				GCC_WARN_64_TO_32_BIT_CONVERSION = YES;
				GCC_WARN_ABOUT_RETURN_TYPE = YES_ERROR;
				GCC_WARN_UNDECLARED_SELECTOR = YES;
				GCC_WARN_UNINITIALIZED_AUTOS = YES_AGGRESSIVE;
				GCC_WARN_UNUSED_FUNCTION = YES;
				GCC_WARN_UNUSED_VARIABLE = YES;
				IPHONEOS_DEPLOYMENT_TARGET = 10.0;
				MTL_ENABLE_DEBUG_INFO = INCLUDE_SOURCE;
				MTL_FAST_MATH = YES;
				ONLY_ACTIVE_ARCH = YES;
				SDKROOT = iphoneos;
			};
			name = Debug;
		};
		31A76CD3227586A7003E39B2 /* Release */ = {
			isa = XCBuildConfiguration;
			buildSettings = {
				ALWAYS_SEARCH_USER_PATHS = NO;
				CLANG_ANALYZER_NONNULL = YES;
				CLANG_ANALYZER_NUMBER_OBJECT_CONVERSION = YES_AGGRESSIVE;
				CLANG_CXX_LANGUAGE_STANDARD = "gnu++14";
				CLANG_CXX_LIBRARY = "libc++";
				CLANG_ENABLE_MODULES = YES;
				CLANG_ENABLE_OBJC_ARC = YES;
				CLANG_ENABLE_OBJC_WEAK = YES;
				CLANG_WARN_BLOCK_CAPTURE_AUTORELEASING = YES;
				CLANG_WARN_BOOL_CONVERSION = YES;
				CLANG_WARN_COMMA = YES;
				CLANG_WARN_CONSTANT_CONVERSION = YES;
				CLANG_WARN_DEPRECATED_OBJC_IMPLEMENTATIONS = YES;
				CLANG_WARN_DIRECT_OBJC_ISA_USAGE = YES_ERROR;
				CLANG_WARN_DOCUMENTATION_COMMENTS = YES;
				CLANG_WARN_EMPTY_BODY = YES;
				CLANG_WARN_ENUM_CONVERSION = YES;
				CLANG_WARN_INFINITE_RECURSION = YES;
				CLANG_WARN_INT_CONVERSION = YES;
				CLANG_WARN_NON_LITERAL_NULL_CONVERSION = YES;
				CLANG_WARN_OBJC_IMPLICIT_RETAIN_SELF = YES;
				CLANG_WARN_OBJC_LITERAL_CONVERSION = YES;
				CLANG_WARN_OBJC_ROOT_CLASS = YES_ERROR;
				CLANG_WARN_RANGE_LOOP_ANALYSIS = YES;
				CLANG_WARN_STRICT_PROTOTYPES = YES;
				CLANG_WARN_SUSPICIOUS_MOVE = YES;
				CLANG_WARN_UNGUARDED_AVAILABILITY = YES_AGGRESSIVE;
				CLANG_WARN_UNREACHABLE_CODE = YES;
				CLANG_WARN__DUPLICATE_METHOD_MATCH = YES;
				CODE_SIGN_IDENTITY = "iPhone Developer";
				COPY_PHASE_STRIP = NO;
				DEBUG_INFORMATION_FORMAT = "dwarf-with-dsym";
				ENABLE_NS_ASSERTIONS = NO;
				ENABLE_STRICT_OBJC_MSGSEND = YES;
				GCC_C_LANGUAGE_STANDARD = gnu11;
				GCC_NO_COMMON_BLOCKS = YES;
				GCC_WARN_64_TO_32_BIT_CONVERSION = YES;
				GCC_WARN_ABOUT_RETURN_TYPE = YES_ERROR;
				GCC_WARN_UNDECLARED_SELECTOR = YES;
				GCC_WARN_UNINITIALIZED_AUTOS = YES_AGGRESSIVE;
				GCC_WARN_UNUSED_FUNCTION = YES;
				GCC_WARN_UNUSED_VARIABLE = YES;
				IPHONEOS_DEPLOYMENT_TARGET = 10.0;
				MTL_ENABLE_DEBUG_INFO = NO;
				MTL_FAST_MATH = YES;
				SDKROOT = iphoneos;
				VALIDATE_PRODUCT = YES;
			};
			name = Release;
		};
		31A76CD5227586A7003E39B2 /* Debug */ = {
			isa = XCBuildConfiguration;
			baseConfigurationReference = 0BF3F11AFF53C3B71A800A62 /* Pods-LightningVPN.debug.xcconfig */;
			buildSettings = {
				ALWAYS_EMBED_SWIFT_STANDARD_LIBRARIES = YES;
				ASSETCATALOG_COMPILER_APPICON_NAME = AppIcon;
				ASSETCATALOG_COMPILER_LAUNCHIMAGE_NAME = LaunchImage;
				CODE_SIGN_ENTITLEMENTS = LightningVPN/LightningVPN.entitlements;
				CODE_SIGN_STYLE = Automatic;
				DEVELOPMENT_TEAM = 6RYXF8U2N6;
				GCC_PREFIX_HEADER = LightningVPN/LightningVPN.pch;
				INFOPLIST_FILE = LightningVPN/Info.plist;
				IPHONEOS_DEPLOYMENT_TARGET = 10.0;
				LD_RUNPATH_SEARCH_PATHS = (
					"$(inherited)",
					"@executable_path/Frameworks",
				);
				PRODUCT_BUNDLE_IDENTIFIER = LightningVPN.temp;
				PRODUCT_NAME = "$(TARGET_NAME)";
				TARGETED_DEVICE_FAMILY = 1;
			};
			name = Debug;
		};
		31A76CD6227586A7003E39B2 /* Release */ = {
			isa = XCBuildConfiguration;
			baseConfigurationReference = 2C6FA9D22EE21C4332121B61 /* Pods-LightningVPN.release.xcconfig */;
			buildSettings = {
				ALWAYS_EMBED_SWIFT_STANDARD_LIBRARIES = YES;
				ASSETCATALOG_COMPILER_APPICON_NAME = AppIcon;
				ASSETCATALOG_COMPILER_LAUNCHIMAGE_NAME = LaunchImage;
				CODE_SIGN_ENTITLEMENTS = LightningVPN/LightningVPN.entitlements;
				CODE_SIGN_STYLE = Automatic;
				DEVELOPMENT_TEAM = 6RYXF8U2N6;
				GCC_PREFIX_HEADER = LightningVPN/LightningVPN.pch;
				INFOPLIST_FILE = LightningVPN/Info.plist;
				IPHONEOS_DEPLOYMENT_TARGET = 10.0;
				LD_RUNPATH_SEARCH_PATHS = (
					"$(inherited)",
					"@executable_path/Frameworks",
				);
				PRODUCT_BUNDLE_IDENTIFIER = LightningVPN.temp;
				PRODUCT_NAME = "$(TARGET_NAME)";
				TARGETED_DEVICE_FAMILY = 1;
			};
			name = Release;
		};
/* End XCBuildConfiguration section */

/* Begin XCConfigurationList section */
		1864428C228322E200E8F4C6 /* Build configuration list for PBXNativeTarget "PacketTunnel" */ = {
			isa = XCConfigurationList;
			buildConfigurations = (
				1864428A228322E200E8F4C6 /* Debug */,
				1864428B228322E200E8F4C6 /* Release */,
			);
			defaultConfigurationIsVisible = 0;
			defaultConfigurationName = Release;
		};
		31A76CB9227586A5003E39B2 /* Build configuration list for PBXProject "LightningVPN" */ = {
			isa = XCConfigurationList;
			buildConfigurations = (
				31A76CD2227586A7003E39B2 /* Debug */,
				31A76CD3227586A7003E39B2 /* Release */,
			);
			defaultConfigurationIsVisible = 0;
			defaultConfigurationName = Release;
		};
		31A76CD4227586A7003E39B2 /* Build configuration list for PBXNativeTarget "LightningVPN" */ = {
			isa = XCConfigurationList;
			buildConfigurations = (
				31A76CD5227586A7003E39B2 /* Debug */,
				31A76CD6227586A7003E39B2 /* Release */,
			);
			defaultConfigurationIsVisible = 0;
			defaultConfigurationName = Release;
		};
/* End XCConfigurationList section */
	};
	rootObject = 31A76CB6227586A5003E39B2 /* Project object */;
}
